
Microsoft Visual Studio Solution File, Format Version 12.00
# Visual Studio Version 17
VisualStudioVersion = 17.10.35013.160
MinimumVisualStudioVersion = 10.0.40219.1
Project("{9A19103F-16F7-4668-BE54-9A1E7A4F7556}") = "SteamGuardApp", "SteamGuardApp.csproj", "{D91B42F4-07AB-4C96-AB41-FB089D169FB0}"
EndProject
Project("{9A19103F-16F7-4668-BE54-9A1E7A4F7556}") = "SteamAuth", "..\lib\SteamAuth\SteamAuth\SteamAuth.csproj", "{5AD0934E-F6C4-4AE5-83AF-C788313B2A87}"
EndProject
Global
	GlobalSection(SolutionConfigurationPlatforms) = preSolution
		Debug|Any CPU = Debug|Any CPU
		Release|Any CPU = Release|Any CPU
	EndGlobalSection
	GlobalSection(ProjectConfigurationPlatforms) = postSolution
		{D91B42F4-07AB-4C96-AB41-FB089D169FB0}.Debug|Any CPU.ActiveCfg = Debug|Any CPU
		{D91B42F4-07AB-4C96-AB41-FB089D169FB0}.Debug|Any CPU.Build.0 = Debug|Any CPU
		{D91B42F4-07AB-4C96-AB41-FB089D169FB0}.Release|Any CPU.ActiveCfg = Release|Any CPU
		{D91B42F4-07AB-4C96-AB41-FB089D169FB0}.Release|Any CPU.Build.0 = Release|Any CPU
		{5AD0934E-F6C4-4AE5-83AF-C788313B2A87}.Debug|Any CPU.ActiveCfg = Debug|Any CPU
		{5AD0934E-F6C4-4AE5-83AF-C788313B2A87}.Debug|Any CPU.Build.0 = Debug|Any CPU
		{5AD0934E-F6C4-4AE5-83AF-C788313B2A87}.Release|Any CPU.ActiveCfg = Release|Any CPU
		{5AD0934E-F6C4-4AE5-83AF-C788313B2A87}.Release|Any CPU.Build.0 = Release|Any CPU
	EndGlobalSection
	GlobalSection(SolutionProperties) = preSolution
		HideSolutionNode = FALSE
	EndGlobalSection
	GlobalSection(ExtensibilityGlobals) = postSolution
		SolutionGuid = {A8D2E0BE-70ED-48FF-A0BA-72C33FF1FCE8}
	EndGlobalSection
EndGlobal
